// !$*UTF8*$!
{
	archiveVersion = 1;
	classes = {
	};
	objectVersion = 46;
	objects = {

/* Begin PBXBuildFile section */
		E2CFB8B81CCBA51C00575FC8 /* main.m in Sources */ = {isa = PBXBuildFile; fileRef = E2CFB8B71CCBA51C00575FC8 /* main.m */; };
		E2CFB8BB1CCBA51C00575FC8 /* AppDelegate.m in Sources */ = {isa = PBXBuildFile; fileRef = E2CFB8BA1CCBA51C00575FC8 /* AppDelegate.m */; };
		E2CFB8C41CCBA51C00575FC8 /* greenote.xcdatamodeld in Sources */ = {isa = PBXBuildFile; fileRef = E2CFB8C21CCBA51C00575FC8 /* greenote.xcdatamodeld */; };
		E2CFB8C61CCBA51C00575FC8 /* Assets.xcassets in Resources */ = {isa = PBXBuildFile; fileRef = E2CFB8C51CCBA51C00575FC8 /* Assets.xcassets */; };
		E2CFB8C91CCBA51C00575FC8 /* LaunchScreen.storyboard in Resources */ = {isa = PBXBuildFile; fileRef = E2CFB8C71CCBA51C00575FC8 /* LaunchScreen.storyboard */; };
		E2CFB8D21CCDBA1100575FC8 /* BaseViewController.m in Sources */ = {isa = PBXBuildFile; fileRef = E2CFB8D11CCDBA1100575FC8 /* BaseViewController.m */; };
		E2CFB8D51CCDBA6800575FC8 /* MomentListViewController.m in Sources */ = {isa = PBXBuildFile; fileRef = E2CFB8D41CCDBA6800575FC8 /* MomentListViewController.m */; };
		E2CFB8D81CCDBA9B00575FC8 /* MomentDetailViewController.m in Sources */ = {isa = PBXBuildFile; fileRef = E2CFB8D71CCDBA9B00575FC8 /* MomentDetailViewController.m */; };
/* End PBXBuildFile section */

/* Begin PBXFileReference section */
		E2CFB8B31CCBA51B00575FC8 /* greenote.app */ = {isa = PBXFileReference; explicitFileType = wrapper.application; includeInIndex = 0; path = greenote.app; sourceTree = BUILT_PRODUCTS_DIR; };
		E2CFB8B71CCBA51C00575FC8 /* main.m */ = {isa = PBXFileReference; lastKnownFileType = sourcecode.c.objc; path = main.m; sourceTree = "<group>"; };
		E2CFB8B91CCBA51C00575FC8 /* AppDelegate.h */ = {isa = PBXFileReference; lastKnownFileType = sourcecode.c.h; path = AppDelegate.h; sourceTree = "<group>"; };
		E2CFB8BA1CCBA51C00575FC8 /* AppDelegate.m */ = {isa = PBXFileReference; lastKnownFileType = sourcecode.c.objc; path = AppDelegate.m; sourceTree = "<group>"; };
		E2CFB8C31CCBA51C00575FC8 /* greenote.xcdatamodel */ = {isa = PBXFileReference; lastKnownFileType = wrapper.xcdatamodel; path = greenote.xcdatamodel; sourceTree = "<group>"; };
		E2CFB8C51CCBA51C00575FC8 /* Assets.xcassets */ = {isa = PBXFileReference; lastKnownFileType = folder.assetcatalog; path = Assets.xcassets; sourceTree = "<group>"; };
		E2CFB8C81CCBA51C00575FC8 /* Base */ = {isa = PBXFileReference; lastKnownFileType = file.storyboard; name = Base; path = Base.lproj/LaunchScreen.storyboard; sourceTree = "<group>"; };
		E2CFB8CA1CCBA51C00575FC8 /* Info.plist */ = {isa = PBXFileReference; lastKnownFileType = text.plist.xml; path = Info.plist; sourceTree = "<group>"; };
		E2CFB8D01CCDBA1100575FC8 /* BaseViewController.h */ = {isa = PBXFileReference; fileEncoding = 4; lastKnownFileType = sourcecode.c.h; path = BaseViewController.h; sourceTree = "<group>"; };
		E2CFB8D11CCDBA1100575FC8 /* BaseViewController.m */ = {isa = PBXFileReference; fileEncoding = 4; lastKnownFileType = sourcecode.c.objc; path = BaseViewController.m; sourceTree = "<group>"; };
		E2CFB8D31CCDBA6800575FC8 /* MomentListViewController.h */ = {isa = PBXFileReference; fileEncoding = 4; lastKnownFileType = sourcecode.c.h; path = MomentListViewController.h; sourceTree = "<group>"; };
		E2CFB8D41CCDBA6800575FC8 /* MomentListViewController.m */ = {isa = PBXFileReference; fileEncoding = 4; lastKnownFileType = sourcecode.c.objc; path = MomentListViewController.m; sourceTree = "<group>"; };
		E2CFB8D61CCDBA9B00575FC8 /* MomentDetailViewController.h */ = {isa = PBXFileReference; fileEncoding = 4; lastKnownFileType = sourcecode.c.h; path = MomentDetailViewController.h; sourceTree = "<group>"; };
		E2CFB8D71CCDBA9B00575FC8 /* MomentDetailViewController.m */ = {isa = PBXFileReference; fileEncoding = 4; lastKnownFileType = sourcecode.c.objc; path = MomentDetailViewController.m; sourceTree = "<group>"; };
/* End PBXFileReference section */

/* Begin PBXFrameworksBuildPhase section */
		E2CFB8B01CCBA51B00575FC8 /* Frameworks */ = {
			isa = PBXFrameworksBuildPhase;
			buildActionMask = 2147483647;
			files = (
			);
			runOnlyForDeploymentPostprocessing = 0;
		};
/* End PBXFrameworksBuildPhase section */

/* Begin PBXGroup section */
		E2CFB8AA1CCBA51B00575FC8 = {
			isa = PBXGroup;
			children = (
				E2CFB8B51CCBA51C00575FC8 /* greenote */,
				E2CFB8B41CCBA51B00575FC8 /* Products */,
			);
			sourceTree = "<group>";
		};
		E2CFB8B41CCBA51B00575FC8 /* Products */ = {
			isa = PBXGroup;
			children = (
				E2CFB8B31CCBA51B00575FC8 /* greenote.app */,
			);
			name = Products;
			sourceTree = "<group>";
		};
		E2CFB8B51CCBA51C00575FC8 /* greenote */ = {
			isa = PBXGroup;
			children = (
				E2CFB8B91CCBA51C00575FC8 /* AppDelegate.h */,
				E2CFB8BA1CCBA51C00575FC8 /* AppDelegate.m */,
				E2CFB8D31CCDBA6800575FC8 /* MomentListViewController.h */,
				E2CFB8D41CCDBA6800575FC8 /* MomentListViewController.m */,
				E2CFB8D01CCDBA1100575FC8 /* BaseViewController.h */,
				E2CFB8D11CCDBA1100575FC8 /* BaseViewController.m */,
				E2CFB8D61CCDBA9B00575FC8 /* MomentDetailViewController.h */,
				E2CFB8D71CCDBA9B00575FC8 /* MomentDetailViewController.m */,
				E2CFB8C51CCBA51C00575FC8 /* Assets.xcassets */,
				E2CFB8C71CCBA51C00575FC8 /* LaunchScreen.storyboard */,
				E2CFB8CA1CCBA51C00575FC8 /* Info.plist */,
				E2CFB8C21CCBA51C00575FC8 /* greenote.xcdatamodeld */,
				E2CFB8B61CCBA51C00575FC8 /* Supporting Files */,
			);
			path = greenote;
			sourceTree = "<group>";
		};
		E2CFB8B61CCBA51C00575FC8 /* Supporting Files */ = {
			isa = PBXGroup;
			children = (
				E2CFB8B71CCBA51C00575FC8 /* main.m */,
			);
			name = "Supporting Files";
			sourceTree = "<group>";
		};
/* End PBXGroup section */

/* Begin PBXNativeTarget section */
		E2CFB8B21CCBA51B00575FC8 /* greenote */ = {
			isa = PBXNativeTarget;
			buildConfigurationList = E2CFB8CD1CCBA51C00575FC8 /* Build configuration list for PBXNativeTarget "greenote" */;
			buildPhases = (
				E2CFB8AF1CCBA51B00575FC8 /* Sources */,
				E2CFB8B01CCBA51B00575FC8 /* Frameworks */,
				E2CFB8B11CCBA51B00575FC8 /* Resources */,
			);
			buildRules = (
			);
			dependencies = (
			);
			name = greenote;
			productName = greenote;
			productReference = E2CFB8B31CCBA51B00575FC8 /* greenote.app */;
			productType = "com.apple.product-type.application";
		};
/* End PBXNativeTarget section */

/* Begin PBXProject section */
		E2CFB8AB1CCBA51B00575FC8 /* Project object */ = {
			isa = PBXProject;
			attributes = {
				LastUpgradeCheck = 0730;
				ORGANIZATIONNAME = zhaochuanyong;
				TargetAttributes = {
					E2CFB8B21CCBA51B00575FC8 = {
						CreatedOnToolsVersion = 7.3;
						DevelopmentTeam = 68WEYHKZ9V;
					};
				};
			};
			buildConfigurationList = E2CFB8AE1CCBA51B00575FC8 /* Build configuration list for PBXProject "greenote" */;
			compatibilityVersion = "Xcode 3.2";
			developmentRegion = English;
			hasScannedForEncodings = 0;
			knownRegions = (
				en,
				Base,
			);
			mainGroup = E2CFB8AA1CCBA51B00575FC8;
			productRefGroup = E2CFB8B41CCBA51B00575FC8 /* Products */;
			projectDirPath = "";
			projectRoot = "";
			targets = (
				E2CFB8B21CCBA51B00575FC8 /* greenote */,
			);
		};
/* End PBXProject section */

/* Begin PBXResourcesBuildPhase section */
		E2CFB8B11CCBA51B00575FC8 /* Resources */ = {
			isa = PBXResourcesBuildPhase;
			buildActionMask = 2147483647;
			files = (
				E2CFB8C91CCBA51C00575FC8 /* LaunchScreen.storyboard in Resources */,
				E2CFB8C61CCBA51C00575FC8 /* Assets.xcassets in Resources */,
			);
			runOnlyForDeploymentPostprocessing = 0;
		};
/* End PBXResourcesBuildPhase section */

/* Begin PBXSourcesBuildPhase section */
		E2CFB8AF1CCBA51B00575FC8 /* Sources */ = {
			isa = PBXSourcesBuildPhase;
			buildActionMask = 2147483647;
			files = (
				E2CFB8D21CCDBA1100575FC8 /* BaseViewController.m in Sources */,
				E2CFB8D51CCDBA6800575FC8 /* MomentListViewController.m in Sources */,
				E2CFB8BB1CCBA51C00575FC8 /* AppDelegate.m in Sources */,
				E2CFB8C41CCBA51C00575FC8 /* greenote.xcdatamodeld in Sources */,
				E2CFB8B81CCBA51C00575FC8 /* main.m in Sources */,
				E2CFB8D81CCDBA9B00575FC8 /* MomentDetailViewController.m in Sources */,
			);
			runOnlyForDeploymentPostprocessing = 0;
		};
/* End PBXSourcesBuildPhase section */

/* Begin PBXVariantGroup section */
		E2CFB8C71CCBA51C00575FC8 /* LaunchScreen.storyboard */ = {
			isa = PBXVariantGroup;
			children = (
				E2CFB8C81CCBA51C00575FC8 /* Base */,
			);
			name = LaunchScreen.storyboard;
			sourceTree = "<group>";
		};
/* End PBXVariantGroup section */

/* Begin XCBuildConfiguration section */
		E2CFB8CB1CCBA51C00575FC8 /* Debug */ = {
			isa = XCBuildConfiguration;
			buildSettings = {
				ALWAYS_SEARCH_USER_PATHS = NO;
				CLANG_ANALYZER_NONNULL = YES;
				CLANG_CXX_LANGUAGE_STANDARD = "gnu++0x";
				CLANG_CXX_LIBRARY = "libc++";
				CLANG_ENABLE_MODULES = YES;
				CLANG_ENABLE_OBJC_ARC = YES;
				CLANG_WARN_BOOL_CONVERSION = YES;
				CLANG_WARN_CONSTANT_CONVERSION = YES;
				CLANG_WARN_DIRECT_OBJC_ISA_USAGE = YES_ERROR;
				CLANG_WARN_EMPTY_BODY = YES;
				CLANG_WARN_ENUM_CONVERSION = YES;
				CLANG_WARN_INT_CONVERSION = YES;
				CLANG_WARN_OBJC_ROOT_CLASS = YES_ERROR;
				CLANG_WARN_UNREACHABLE_CODE = YES;
				CLANG_WARN__DUPLICATE_METHOD_MATCH = YES;
				"CODE_SIGN_IDENTITY[sdk=iphoneos*]" = "iPhone Developer";
				COPY_PHASE_STRIP = NO;
				DEBUG_INFORMATION_FORMAT = dwarf;
				ENABLE_STRICT_OBJC_MSGSEND = YES;
				ENABLE_TESTABILITY = YES;
				GCC_C_LANGUAGE_STANDARD = gnu99;
				GCC_DYNAMIC_NO_PIC = NO;
				GCC_NO_COMMON_BLOCKS = YES;
				GCC_OPTIMIZATION_LEVEL = 0;
				GCC_PREPROCESSOR_DEFINITIONS = (
					"DEBUG=1",
					"$(inherited)",
				);
				GCC_WARN_64_TO_32_BIT_CONVERSION = YES;
				GCC_WARN_ABOUT_RETURN_TYPE = YES_ERROR;
				GCC_WARN_UNDECLARED_SELECTOR = YES;
				GCC_WARN_UNINITIALIZED_AUTOS = YES_AGGRESSIVE;
				GCC_WARN_UNUSED_FUNCTION = YES;
				GCC_WARN_UNUSED_VARIABLE = YES;
				IPHONEOS_DEPLOYMENT_TARGET = 9.3;
				MTL_ENABLE_DEBUG_INFO = YES;
				ONLY_ACTIVE_ARCH = YES;
				SDKROOT = iphoneos;
			};
			name = Debug;
		};
		E2CFB8CC1CCBA51C00575FC8 /* Release */ = {
			isa = XCBuildConfiguration;
			buildSettings = {
				ALWAYS_SEARCH_USER_PATHS = NO;
				CLANG_ANALYZER_NONNULL = YES;
				CLANG_CXX_LANGUAGE_STANDARD = "gnu++0x";
				CLANG_CXX_LIBRARY = "libc++";
				CLANG_ENABLE_MODULES = YES;
				CLANG_ENABLE_OBJC_ARC = YES;
				CLANG_WARN_BOOL_CONVERSION = YES;
				CLANG_WARN_CONSTANT_CONVERSION = YES;
				CLANG_WARN_DIRECT_OBJC_ISA_USAGE = YES_ERROR;
				CLANG_WARN_EMPTY_BODY = YES;
				CLANG_WARN_ENUM_CONVERSION = YES;
				CLANG_WARN_INT_CONVERSION = YES;
				CLANG_WARN_OBJC_ROOT_CLASS = YES_ERROR;
				CLANG_WARN_UNREACHABLE_CODE = YES;
				CLANG_WARN__DUPLICATE_METHOD_MATCH = YES;
				"CODE_SIGN_IDENTITY[sdk=iphoneos*]" = "iPhone Developer";
				COPY_PHASE_STRIP = NO;
				DEBUG_INFORMATION_FORMAT = "dwarf-with-dsym";
				ENABLE_NS_ASSERTIONS = NO;
				ENABLE_STRICT_OBJC_MSGSEND = YES;
				GCC_C_LANGUAGE_STANDARD = gnu99;
				GCC_NO_COMMON_BLOCKS = YES;
				GCC_WARN_64_TO_32_BIT_CONVERSION = YES;
				GCC_WARN_ABOUT_RETURN_TYPE = YES_ERROR;
				GCC_WARN_UNDECLARED_SELECTOR = YES;
				GCC_WARN_UNINITIALIZED_AUTOS = YES_AGGRESSIVE;
				GCC_WARN_UNUSED_FUNCTION = YES;
				GCC_WARN_UNUSED_VARIABLE = YES;
				IPHONEOS_DEPLOYMENT_TARGET = 9.3;
				MTL_ENABLE_DEBUG_INFO = NO;
				SDKROOT = iphoneos;
				VALIDATE_PRODUCT = YES;
			};
			name = Release;
		};
		E2CFB8CE1CCBA51C00575FC8 /* Debug */ = {
			isa = XCBuildConfiguration;
			buildSettings = {
				ASSETCATALOG_COMPILER_APPICON_NAME = AppIcon;
				INFOPLIST_FILE = greenote/Info.plist;
				LD_RUNPATH_SEARCH_PATHS = "$(inherited) @executable_path/Frameworks";
				PRODUCT_BUNDLE_IDENTIFIER = redfox241.greenote;
				PRODUCT_NAME = "$(TARGET_NAME)";
			};
			name = Debug;
		};
		E2CFB8CF1CCBA51C00575FC8 /* Release */ = {
			isa = XCBuildConfiguration;
			buildSettings = {
				ASSETCATALOG_COMPILER_APPICON_NAME = AppIcon;
				INFOPLIST_FILE = greenote/Info.plist;
				LD_RUNPATH_SEARCH_PATHS = "$(inherited) @executable_path/Frameworks";
				PRODUCT_BUNDLE_IDENTIFIER = redfox241.greenote;
				PRODUCT_NAME = "$(TARGET_NAME)";
			};
			name = Release;
		};
/* End XCBuildConfiguration section */

/* Begin XCConfigurationList section */
		E2CFB8AE1CCBA51B00575FC8 /* Build configuration list for PBXProject "greenote" */ = {
			isa = XCConfigurationList;
			buildConfigurations = (
				E2CFB8CB1CCBA51C00575FC8 /* Debug */,
				E2CFB8CC1CCBA51C00575FC8 /* Release */,
			);
			defaultConfigurationIsVisible = 0;
			defaultConfigurationName = Release;
		};
		E2CFB8CD1CCBA51C00575FC8 /* Build configuration list for PBXNativeTarget "greenote" */ = {
			isa = XCConfigurationList;
			buildConfigurations = (
				E2CFB8CE1CCBA51C00575FC8 /* Debug */,
				E2CFB8CF1CCBA51C00575FC8 /* Release */,
			);
			defaultConfigurationIsVisible = 0;
		};
/* End XCConfigurationList section */

/* Begin XCVersionGroup section */
		E2CFB8C21CCBA51C00575FC8 /* greenote.xcdatamodeld */ = {
			isa = XCVersionGroup;
			children = (
				E2CFB8C31CCBA51C00575FC8 /* greenote.xcdatamodel */,
			);
			currentVersion = E2CFB8C31CCBA51C00575FC8 /* greenote.xcdatamodel */;
			path = greenote.xcdatamodeld;
			sourceTree = "<group>";
			versionGroupType = wrapper.xcdatamodel;
		};
/* End XCVersionGroup section */
	};
	rootObject = E2CFB8AB1CCBA51B00575FC8 /* Project object */;
}
